
Microsoft Visual Studio Solution File, Format Version 12.00
Project("{FAE04EC0-301F-11D3-BF4B-00C04F79EFBC}") = "Chat", "Chat\Chat.csproj", "{3BA0D089-5BC4-440D-A26D-36CA969E456A}"
EndProject
Project("{2150E333-8FDC-42A3-9474-1A3956D46DE8}") = "Domain", "Domain", "{83B9756A-8659-4642-B100-C087E22FAE97}"
EndProject
Project("{FAE04EC0-301F-11D3-BF4B-00C04F79EFBC}") = "Chat.Domain", "Chat.Domain\Chat.Domain.csproj", "{FBA0043A-C82E-4D03-A473-949C9D65FC15}"
EndProject
Project("{2150E333-8FDC-42A3-9474-1A3956D46DE8}") = "Database ", "Database ", "{4A71F014-58D2-464D-A818-8AEABC9375CD}"
EndProject
Project("{FAE04EC0-301F-11D3-BF4B-00C04F79EFBC}") = "Chat.Database", "Chat.Database\Chat.Database.csproj", "{D94C76E0-99A8-4976-8E00-2225CD306988}"
EndProject
Global
	GlobalSection(SolutionConfigurationPlatforms) = preSolution
		Debug|Any CPU = Debug|Any CPU
		Release|Any CPU = Release|Any CPU
	EndGlobalSection
	GlobalSection(ProjectConfigurationPlatforms) = postSolution
		{3BA0D089-5BC4-440D-A26D-36CA969E456A}.Debug|Any CPU.ActiveCfg = Debug|Any CPU
		{3BA0D089-5BC4-440D-A26D-36CA969E456A}.Debug|Any CPU.Build.0 = Debug|Any CPU
		{3BA0D089-5BC4-440D-A26D-36CA969E456A}.Release|Any CPU.ActiveCfg = Release|Any CPU
		{3BA0D089-5BC4-440D-A26D-36CA969E456A}.Release|Any CPU.Build.0 = Release|Any CPU
		{FBA0043A-C82E-4D03-A473-949C9D65FC15}.Debug|Any CPU.ActiveCfg = Debug|Any CPU
		{FBA0043A-C82E-4D03-A473-949C9D65FC15}.Debug|Any CPU.Build.0 = Debug|Any CPU
		{FBA0043A-C82E-4D03-A473-949C9D65FC15}.Release|Any CPU.ActiveCfg = Release|Any CPU
		{FBA0043A-C82E-4D03-A473-949C9D65FC15}.Release|Any CPU.Build.0 = Release|Any CPU
		{D94C76E0-99A8-4976-8E00-2225CD306988}.Debug|Any CPU.ActiveCfg = Debug|Any CPU
		{D94C76E0-99A8-4976-8E00-2225CD306988}.Debug|Any CPU.Build.0 = Debug|Any CPU
		{D94C76E0-99A8-4976-8E00-2225CD306988}.Release|Any CPU.ActiveCfg = Release|Any CPU
		{D94C76E0-99A8-4976-8E00-2225CD306988}.Release|Any CPU.Build.0 = Release|Any CPU
	EndGlobalSection
	GlobalSection(NestedProjects) = preSolution
		{FBA0043A-C82E-4D03-A473-949C9D65FC15} = {83B9756A-8659-4642-B100-C087E22FAE97}
		{D94C76E0-99A8-4976-8E00-2225CD306988} = {4A71F014-58D2-464D-A818-8AEABC9375CD}
	EndGlobalSection
EndGlobal
